
Microsoft Visual Studio Solution File, Format Version 12.00
# Visual Studio Version 17
VisualStudioVersion = 17.9.34607.119
MinimumVisualStudioVersion = 10.0.40219.1
Project("{FAE04EC0-301F-11D3-BF4B-00C04F79EFBC}") = "BeeHive", "BeeHive\BeeHive.csproj", "{054B425F-59B8-46CE-8139-70B13F0986C4}"
EndProject
Global
	GlobalSection(SolutionConfigurationPlatforms) = preSolution
		Debug|Any CPU = Debug|Any CPU
		Release|Any CPU = Release|Any CPU
	EndGlobalSection
	GlobalSection(ProjectConfigurationPlatforms) = postSolution
		{054B425F-59B8-46CE-8139-70B13F0986C4}.Debug|Any CPU.ActiveCfg = Debug|Any CPU
		{054B425F-59B8-46CE-8139-70B13F0986C4}.Debug|Any CPU.Build.0 = Debug|Any CPU
		{054B425F-59B8-46CE-8139-70B13F0986C4}.Release|Any CPU.ActiveCfg = Release|Any CPU
		{054B425F-59B8-46CE-8139-70B13F0986C4}.Release|Any CPU.Build.0 = Release|Any CPU
	EndGlobalSection
	GlobalSection(SolutionProperties) = preSolution
		HideSolutionNode = FALSE
	EndGlobalSection
	GlobalSection(ExtensibilityGlobals) = postSolution
		SolutionGuid = {8B105B25-9AD6-48EF-B177-0E50E844D863}
	EndGlobalSection
EndGlobal
